// !$*UTF8*$!
{
	archiveVersion = 1;
	classes = {
	};
	objectVersion = 46;
	objects = {

/* Begin PBXBuildFile section */
		354918681D5B983500D20416 /* AppDelegate.swift in Sources */ = {isa = PBXBuildFile; fileRef = 354918671D5B983500D20416 /* AppDelegate.swift */; };
		3549186A1D5B983500D20416 /* ViewController.swift in Sources */ = {isa = PBXBuildFile; fileRef = 354918691D5B983500D20416 /* ViewController.swift */; };
		3549186D1D5B983500D20416 /* Main.storyboard in Resources */ = {isa = PBXBuildFile; fileRef = 3549186B1D5B983500D20416 /* Main.storyboard */; };
		3549186F1D5B983500D20416 /* Assets.xcassets in Resources */ = {isa = PBXBuildFile; fileRef = 3549186E1D5B983500D20416 /* Assets.xcassets */; };
		354918721D5B983500D20416 /* LaunchScreen.storyboard in Resources */ = {isa = PBXBuildFile; fileRef = 354918701D5B983500D20416 /* LaunchScreen.storyboard */; };
/* End PBXBuildFile section */

/* Begin PBXFileReference section */
		354918641D5B983500D20416 /* Mygit.app */ = {isa = PBXFileReference; explicitFileType = wrapper.application; includeInIndex = 0; path = Mygit.app; sourceTree = BUILT_PRODUCTS_DIR; };
		354918671D5B983500D20416 /* AppDelegate.swift */ = {isa = PBXFileReference; lastKnownFileType = sourcecode.swift; path = AppDelegate.swift; sourceTree = "<group>"; };
		354918691D5B983500D20416 /* ViewController.swift */ = {isa = PBXFileReference; lastKnownFileType = sourcecode.swift; path = ViewController.swift; sourceTree = "<group>"; };
		3549186C1D5B983500D20416 /* Base */ = {isa = PBXFileReference; lastKnownFileType = file.storyboard; name = Base; path = Base.lproj/Main.storyboard; sourceTree = "<group>"; };
		3549186E1D5B983500D20416 /* Assets.xcassets */ = {isa = PBXFileReference; lastKnownFileType = folder.assetcatalog; path = Assets.xcassets; sourceTree = "<group>"; };
		354918711D5B983500D20416 /* Base */ = {isa = PBXFileReference; lastKnownFileType = file.storyboard; name = Base; path = Base.lproj/LaunchScreen.storyboard; sourceTree = "<group>"; };
		354918731D5B983500D20416 /* Info.plist */ = {isa = PBXFileReference; lastKnownFileType = text.plist.xml; path = Info.plist; sourceTree = "<group>"; };
/* End PBXFileReference section */

/* Begin PBXFrameworksBuildPhase section */
		354918611D5B983500D20416 /* Frameworks */ = {
			isa = PBXFrameworksBuildPhase;
			buildActionMask = 2147483647;
			files = (
			);
			runOnlyForDeploymentPostprocessing = 0;
		};
/* End PBXFrameworksBuildPhase section */

/* Begin PBXGroup section */
		3549185B1D5B983500D20416 = {
			isa = PBXGroup;
			children = (
				354918661D5B983500D20416 /* Mygit */,
				354918651D5B983500D20416 /* Products */,
			);
			sourceTree = "<group>";
		};
		354918651D5B983500D20416 /* Products */ = {
			isa = PBXGroup;
			children = (
				354918641D5B983500D20416 /* Mygit.app */,
			);
			name = Products;
			sourceTree = "<group>";
		};
		354918661D5B983500D20416 /* Mygit */ = {
			isa = PBXGroup;
			children = (
				354918671D5B983500D20416 /* AppDelegate.swift */,
				354918691D5B983500D20416 /* ViewController.swift */,
				3549186B1D5B983500D20416 /* Main.storyboard */,
				3549186E1D5B983500D20416 /* Assets.xcassets */,
				354918701D5B983500D20416 /* LaunchScreen.storyboard */,
				354918731D5B983500D20416 /* Info.plist */,
			);
			path = Mygit;
			sourceTree = "<group>";
		};
/* End PBXGroup section */

/* Begin PBXNativeTarget section */
		354918631D5B983500D20416 /* Mygit */ = {
			isa = PBXNativeTarget;
			buildConfigurationList = 354918761D5B983500D20416 /* Build configuration list for PBXNativeTarget "Mygit" */;
			buildPhases = (
				354918601D5B983500D20416 /* Sources */,
				354918611D5B983500D20416 /* Frameworks */,
				354918621D5B983500D20416 /* Resources */,
			);
			buildRules = (
			);
			dependencies = (
			);
			name = Mygit;
			productName = Mygit;
			productReference = 354918641D5B983500D20416 /* Mygit.app */;
			productType = "com.apple.product-type.application";
		};
/* End PBXNativeTarget section */

/* Begin PBXProject section */
		3549185C1D5B983500D20416 /* Project object */ = {
			isa = PBXProject;
			attributes = {
				LastSwiftUpdateCheck = 0800;
				LastUpgradeCheck = 0800;
				ORGANIZATIONNAME = "Eakkasit Tunsakool";
				TargetAttributes = {
					354918631D5B983500D20416 = {
						CreatedOnToolsVersion = 8.0;
						DevelopmentTeam = XXXHT7H8YN;
						ProvisioningStyle = Automatic;
					};
				};
			};
			buildConfigurationList = 3549185F1D5B983500D20416 /* Build configuration list for PBXProject "Mygit" */;
			compatibilityVersion = "Xcode 3.2";
			developmentRegion = English;
			hasScannedForEncodings = 0;
			knownRegions = (
				en,
				Base,
			);
			mainGroup = 3549185B1D5B983500D20416;
			productRefGroup = 354918651D5B983500D20416 /* Products */;
			projectDirPath = "";
			projectRoot = "";
			targets = (
				354918631D5B983500D20416 /* Mygit */,
			);
		};
/* End PBXProject section */

/* Begin PBXResourcesBuildPhase section */
		354918621D5B983500D20416 /* Resources */ = {
			isa = PBXResourcesBuildPhase;
			buildActionMask = 2147483647;
			files = (
				354918721D5B983500D20416 /* LaunchScreen.storyboard in Resources */,
				3549186F1D5B983500D20416 /* Assets.xcassets in Resources */,
				3549186D1D5B983500D20416 /* Main.storyboard in Resources */,
			);
			runOnlyForDeploymentPostprocessing = 0;
		};
/* End PBXResourcesBuildPhase section */

/* Begin PBXSourcesBuildPhase section */
		354918601D5B983500D20416 /* Sources */ = {
			isa = PBXSourcesBuildPhase;
			buildActionMask = 2147483647;
			files = (
				3549186A1D5B983500D20416 /* ViewController.swift in Sources */,
				354918681D5B983500D20416 /* AppDelegate.swift in Sources */,
			);
			runOnlyForDeploymentPostprocessing = 0;
		};
/* End PBXSourcesBuildPhase section */

/* Begin PBXVariantGroup section */
		3549186B1D5B983500D20416 /* Main.storyboard */ = {
			isa = PBXVariantGroup;
			children = (
				3549186C1D5B983500D20416 /* Base */,
			);
			name = Main.storyboard;
			sourceTree = "<group>";
		};
		354918701D5B983500D20416 /* LaunchScreen.storyboard */ = {
			isa = PBXVariantGroup;
			children = (
				354918711D5B983500D20416 /* Base */,
			);
			name = LaunchScreen.storyboard;
			sourceTree = "<group>";
		};
/* End PBXVariantGroup section */

/* Begin XCBuildConfiguration section */
		354918741D5B983500D20416 /* Debug */ = {
			isa = XCBuildConfiguration;
			buildSettings = {
				ALWAYS_SEARCH_USER_PATHS = NO;
				CLANG_ANALYZER_NONNULL = YES;
				CLANG_CXX_LANGUAGE_STANDARD = "gnu++0x";
				CLANG_CXX_LIBRARY = "libc++";
				CLANG_ENABLE_MODULES = YES;
				CLANG_ENABLE_OBJC_ARC = YES;
				CLANG_WARN_BOOL_CONVERSION = YES;
				CLANG_WARN_CONSTANT_CONVERSION = YES;
				CLANG_WARN_DIRECT_OBJC_ISA_USAGE = YES_ERROR;
				CLANG_WARN_DOCUMENTATION_COMMENTS = YES;
				CLANG_WARN_EMPTY_BODY = YES;
				CLANG_WARN_ENUM_CONVERSION = YES;
				CLANG_WARN_INFINITE_RECURSION = YES;
				CLANG_WARN_INT_CONVERSION = YES;
				CLANG_WARN_OBJC_ROOT_CLASS = YES_ERROR;
				CLANG_WARN_SUSPICIOUS_MOVES = YES;
				CLANG_WARN_UNREACHABLE_CODE = YES;
				CLANG_WARN__DUPLICATE_METHOD_MATCH = YES;
				"CODE_SIGN_IDENTITY[sdk=iphoneos*]" = "iPhone Developer";
				COPY_PHASE_STRIP = NO;
				DEBUG_INFORMATION_FORMAT = dwarf;
				ENABLE_STRICT_OBJC_MSGSEND = YES;
				ENABLE_TESTABILITY = YES;
				GCC_C_LANGUAGE_STANDARD = gnu99;
				GCC_DYNAMIC_NO_PIC = NO;
				GCC_NO_COMMON_BLOCKS = YES;
				GCC_OPTIMIZATION_LEVEL = 0;
				GCC_PREPROCESSOR_DEFINITIONS = (
					"DEBUG=1",
					"$(inherited)",
				);
				GCC_WARN_64_TO_32_BIT_CONVERSION = YES;
				GCC_WARN_ABOUT_RETURN_TYPE = YES_ERROR;
				GCC_WARN_UNDECLARED_SELECTOR = YES;
				GCC_WARN_UNINITIALIZED_AUTOS = YES_AGGRESSIVE;
				GCC_WARN_UNUSED_FUNCTION = YES;
				GCC_WARN_UNUSED_VARIABLE = YES;
				IPHONEOS_DEPLOYMENT_TARGET = 10.0;
				MTL_ENABLE_DEBUG_INFO = YES;
				ONLY_ACTIVE_ARCH = YES;
				SDKROOT = iphoneos;
				SWIFT_ACTIVE_COMPILATION_CONDITIONS = DEBUG;
				SWIFT_OPTIMIZATION_LEVEL = "-Onone";
				TARGETED_DEVICE_FAMILY = "1,2";
			};
			name = Debug;
		};
		354918751D5B983500D20416 /* Release */ = {
			isa = XCBuildConfiguration;
			buildSettings = {
				ALWAYS_SEARCH_USER_PATHS = NO;
				CLANG_ANALYZER_NONNULL = YES;
				CLANG_CXX_LANGUAGE_STANDARD = "gnu++0x";
				CLANG_CXX_LIBRARY = "libc++";
				CLANG_ENABLE_MODULES = YES;
				CLANG_ENABLE_OBJC_ARC = YES;
				CLANG_WARN_BOOL_CONVERSION = YES;
				CLANG_WARN_CONSTANT_CONVERSION = YES;
				CLANG_WARN_DIRECT_OBJC_ISA_USAGE = YES_ERROR;
				CLANG_WARN_DOCUMENTATION_COMMENTS = YES;
				CLANG_WARN_EMPTY_BODY = YES;
				CLANG_WARN_ENUM_CONVERSION = YES;
				CLANG_WARN_INFINITE_RECURSION = YES;
				CLANG_WARN_INT_CONVERSION = YES;
				CLANG_WARN_OBJC_ROOT_CLASS = YES_ERROR;
				CLANG_WARN_SUSPICIOUS_MOVES = YES;
				CLANG_WARN_UNREACHABLE_CODE = YES;
				CLANG_WARN__DUPLICATE_METHOD_MATCH = YES;
				"CODE_SIGN_IDENTITY[sdk=iphoneos*]" = "iPhone Developer";
				COPY_PHASE_STRIP = NO;
				DEBUG_INFORMATION_FORMAT = "dwarf-with-dsym";
				ENABLE_NS_ASSERTIONS = NO;
				ENABLE_STRICT_OBJC_MSGSEND = YES;
				GCC_C_LANGUAGE_STANDARD = gnu99;
				GCC_NO_COMMON_BLOCKS = YES;
				GCC_WARN_64_TO_32_BIT_CONVERSION = YES;
				GCC_WARN_ABOUT_RETURN_TYPE = YES_ERROR;
				GCC_WARN_UNDECLARED_SELECTOR = YES;
				GCC_WARN_UNINITIALIZED_AUTOS = YES_AGGRESSIVE;
				GCC_WARN_UNUSED_FUNCTION = YES;
				GCC_WARN_UNUSED_VARIABLE = YES;
				IPHONEOS_DEPLOYMENT_TARGET = 10.0;
				MTL_ENABLE_DEBUG_INFO = NO;
				SDKROOT = iphoneos;
				SWIFT_OPTIMIZATION_LEVEL = "-Owholemodule";
				TARGETED_DEVICE_FAMILY = "1,2";
				VALIDATE_PRODUCT = YES;
			};
			name = Release;
		};
		354918771D5B983500D20416 /* Debug */ = {
			isa = XCBuildConfiguration;
			buildSettings = {
				ASSETCATALOG_COMPILER_APPICON_NAME = AppIcon;
				DEVELOPMENT_TEAM = XXXHT7H8YN;
				INFOPLIST_FILE = Mygit/Info.plist;
				LD_RUNPATH_SEARCH_PATHS = "$(inherited) @executable_path/Frameworks";
				PRODUCT_BUNDLE_IDENTIFIER = com.giant9.xcode8beta3.Mygit;
				PRODUCT_NAME = "$(TARGET_NAME)";
				SWIFT_VERSION = 3.0;
			};
			name = Debug;
		};
		354918781D5B983500D20416 /* Release */ = {
			isa = XCBuildConfiguration;
			buildSettings = {
				ASSETCATALOG_COMPILER_APPICON_NAME = AppIcon;
				DEVELOPMENT_TEAM = XXXHT7H8YN;
				INFOPLIST_FILE = Mygit/Info.plist;
				LD_RUNPATH_SEARCH_PATHS = "$(inherited) @executable_path/Frameworks";
				PRODUCT_BUNDLE_IDENTIFIER = com.giant9.xcode8beta3.Mygit;
				PRODUCT_NAME = "$(TARGET_NAME)";
				SWIFT_VERSION = 3.0;
			};
			name = Release;
		};
/* End XCBuildConfiguration section */

/* Begin XCConfigurationList section */
		3549185F1D5B983500D20416 /* Build configuration list for PBXProject "Mygit" */ = {
			isa = XCConfigurationList;
			buildConfigurations = (
				354918741D5B983500D20416 /* Debug */,
				354918751D5B983500D20416 /* Release */,
			);
			defaultConfigurationIsVisible = 0;
			defaultConfigurationName = Release;
		};
		354918761D5B983500D20416 /* Build configuration list for PBXNativeTarget "Mygit" */ = {
			isa = XCConfigurationList;
			buildConfigurations = (
				354918771D5B983500D20416 /* Debug */,
				354918781D5B983500D20416 /* Release */,
			);
			defaultConfigurationIsVisible = 0;
		};
/* End XCConfigurationList section */
	};
	rootObject = 3549185C1D5B983500D20416 /* Project object */;
}
